
Microsoft Visual Studio Solution File, Format Version 12.00
# Visual Studio Version 17
VisualStudioVersion = 17.8.34330.188
MinimumVisualStudioVersion = 10.0.40219.1
Project("{FAE04EC0-301F-11D3-BF4B-00C04F79EFBC}") = "Personal Financial Tracker", "Personal Financial Tracker\Personal Financial Tracker.csproj", "{A29CD3AA-648B-4EBA-8BFF-952157EEA4ED}"
EndProject
Global
	GlobalSection(SolutionConfigurationPlatforms) = preSolution
		Debug|Any CPU = Debug|Any CPU
		Release|Any CPU = Release|Any CPU
	EndGlobalSection
	GlobalSection(ProjectConfigurationPlatforms) = postSolution
		{A29CD3AA-648B-4EBA-8BFF-952157EEA4ED}.Debug|Any CPU.ActiveCfg = Debug|Any CPU
		{A29CD3AA-648B-4EBA-8BFF-952157EEA4ED}.Debug|Any CPU.Build.0 = Debug|Any CPU
		{A29CD3AA-648B-4EBA-8BFF-952157EEA4ED}.Release|Any CPU.ActiveCfg = Release|Any CPU
		{A29CD3AA-648B-4EBA-8BFF-952157EEA4ED}.Release|Any CPU.Build.0 = Release|Any CPU
	EndGlobalSection
	GlobalSection(SolutionProperties) = preSolution
		HideSolutionNode = FALSE
	EndGlobalSection
	GlobalSection(ExtensibilityGlobals) = postSolution
		SolutionGuid = {9D235B94-9028-440C-A146-31F875C91148}
	EndGlobalSection
EndGlobal
